// !$*UTF8*$!
{
	archiveVersion = 1;
	classes = {
	};
	objectVersion = 77;
	objects = {

/* Begin PBXCopyFilesBuildPhase section */
		496653D12D4A59D700E8F9BF /* CopyFiles */ = {
			isa = PBXCopyFilesBuildPhase;
			buildActionMask = 2147483647;
			dstPath = /usr/share/man/man1/;
			dstSubfolderSpec = 0;
			files = (
			);
			runOnlyForDeploymentPostprocessing = 1;
		};
		496653DF2D4A5A3500E8F9BF /* CopyFiles */ = {
			isa = PBXCopyFilesBuildPhase;
			buildActionMask = 2147483647;
			dstPath = /usr/share/man/man1/;
			dstSubfolderSpec = 0;
			files = (
			);
			runOnlyForDeploymentPostprocessing = 1;
		};
		496654162D4A5A4B00E8F9BF /* CopyFiles */ = {
			isa = PBXCopyFilesBuildPhase;
			buildActionMask = 2147483647;
			dstPath = /usr/share/man/man1/;
			dstSubfolderSpec = 0;
			files = (
			);
			runOnlyForDeploymentPostprocessing = 1;
		};
		496654252D4A5A6200E8F9BF /* CopyFiles */ = {
			isa = PBXCopyFilesBuildPhase;
			buildActionMask = 2147483647;
			dstPath = /usr/share/man/man1/;
			dstSubfolderSpec = 0;
			files = (
			);
			runOnlyForDeploymentPostprocessing = 1;
		};
		496654382D4A5A6D00E8F9BF /* CopyFiles */ = {
			isa = PBXCopyFilesBuildPhase;
			buildActionMask = 2147483647;
			dstPath = /usr/share/man/man1/;
			dstSubfolderSpec = 0;
			files = (
			);
			runOnlyForDeploymentPostprocessing = 1;
		};
/* End PBXCopyFilesBuildPhase section */

/* Begin PBXFileReference section */
		496653D32D4A59D700E8F9BF /* LeetCode */ = {isa = PBXFileReference; explicitFileType = "compiled.mach-o.executable"; includeInIndex = 0; path = LeetCode; sourceTree = BUILT_PRODUCTS_DIR; };
		496653E12D4A5A3500E8F9BF /* Playground */ = {isa = PBXFileReference; explicitFileType = "compiled.mach-o.executable"; includeInIndex = 0; path = Playground; sourceTree = BUILT_PRODUCTS_DIR; };
		496654182D4A5A4B00E8F9BF /* Acmp */ = {isa = PBXFileReference; explicitFileType = "compiled.mach-o.executable"; includeInIndex = 0; path = Acmp; sourceTree = BUILT_PRODUCTS_DIR; };
		496654272D4A5A6200E8F9BF /* Search */ = {isa = PBXFileReference; explicitFileType = "compiled.mach-o.executable"; includeInIndex = 0; path = Search; sourceTree = BUILT_PRODUCTS_DIR; };
		4966543A2D4A5A6D00E8F9BF /* Sort */ = {isa = PBXFileReference; explicitFileType = "compiled.mach-o.executable"; includeInIndex = 0; path = Sort; sourceTree = BUILT_PRODUCTS_DIR; };
/* End PBXFileReference section */

/* Begin PBXFileSystemSynchronizedRootGroup section */
		496653D42D4A59D700E8F9BF /* LeetCode */ = {
			isa = PBXFileSystemSynchronizedRootGroup;
			path = LeetCode;
			sourceTree = "<group>";
		};
		496653E22D4A5A3500E8F9BF /* Playground */ = {
			isa = PBXFileSystemSynchronizedRootGroup;
			path = Playground;
			sourceTree = "<group>";
		};
		496654192D4A5A4B00E8F9BF /* Acmp */ = {
			isa = PBXFileSystemSynchronizedRootGroup;
			path = Acmp;
			sourceTree = "<group>";
		};
		496654282D4A5A6200E8F9BF /* Search */ = {
			isa = PBXFileSystemSynchronizedRootGroup;
			path = Search;
			sourceTree = "<group>";
		};
		4966543B2D4A5A6D00E8F9BF /* Sort */ = {
			isa = PBXFileSystemSynchronizedRootGroup;
			path = Sort;
			sourceTree = "<group>";
		};
/* End PBXFileSystemSynchronizedRootGroup section */

/* Begin PBXFrameworksBuildPhase section */
		496653D02D4A59D700E8F9BF /* Frameworks */ = {
			isa = PBXFrameworksBuildPhase;
			buildActionMask = 2147483647;
			files = (
			);
			runOnlyForDeploymentPostprocessing = 0;
		};
		496653DE2D4A5A3500E8F9BF /* Frameworks */ = {
			isa = PBXFrameworksBuildPhase;
			buildActionMask = 2147483647;
			files = (
			);
			runOnlyForDeploymentPostprocessing = 0;
		};
		496654152D4A5A4B00E8F9BF /* Frameworks */ = {
			isa = PBXFrameworksBuildPhase;
			buildActionMask = 2147483647;
			files = (
			);
			runOnlyForDeploymentPostprocessing = 0;
		};
		496654242D4A5A6200E8F9BF /* Frameworks */ = {
			isa = PBXFrameworksBuildPhase;
			buildActionMask = 2147483647;
			files = (
			);
			runOnlyForDeploymentPostprocessing = 0;
		};
		496654372D4A5A6D00E8F9BF /* Frameworks */ = {
			isa = PBXFrameworksBuildPhase;
			buildActionMask = 2147483647;
			files = (
			);
			runOnlyForDeploymentPostprocessing = 0;
		};
/* End PBXFrameworksBuildPhase section */

/* Begin PBXGroup section */
		4966536D2D4A56CE00E8F9BF = {
			isa = PBXGroup;
			children = (
				496653D42D4A59D700E8F9BF /* LeetCode */,
				496653E22D4A5A3500E8F9BF /* Playground */,
				496654192D4A5A4B00E8F9BF /* Acmp */,
				496654282D4A5A6200E8F9BF /* Search */,
				4966543B2D4A5A6D00E8F9BF /* Sort */,
				496653772D4A56CE00E8F9BF /* Products */,
			);
			sourceTree = "<group>";
		};
		496653772D4A56CE00E8F9BF /* Products */ = {
			isa = PBXGroup;
			children = (
				496653D32D4A59D700E8F9BF /* LeetCode */,
				496653E12D4A5A3500E8F9BF /* Playground */,
				496654182D4A5A4B00E8F9BF /* Acmp */,
				496654272D4A5A6200E8F9BF /* Search */,
				4966543A2D4A5A6D00E8F9BF /* Sort */,
			);
			name = Products;
			sourceTree = "<group>";
		};
/* End PBXGroup section */

/* Begin PBXNativeTarget section */
		496653D22D4A59D700E8F9BF /* LeetCode */ = {
			isa = PBXNativeTarget;
			buildConfigurationList = 496653D72D4A59D700E8F9BF /* Build configuration list for PBXNativeTarget "LeetCode" */;
			buildPhases = (
				496653CF2D4A59D700E8F9BF /* Sources */,
				496653D02D4A59D700E8F9BF /* Frameworks */,
				496653D12D4A59D700E8F9BF /* CopyFiles */,
			);
			buildRules = (
			);
			dependencies = (
			);
			fileSystemSynchronizedGroups = (
				496653D42D4A59D700E8F9BF /* LeetCode */,
			);
			name = LeetCode;
			packageProductDependencies = (
			);
			productName = LeetCode;
			productReference = 496653D32D4A59D700E8F9BF /* LeetCode */;
			productType = "com.apple.product-type.tool";
		};
		496653E02D4A5A3500E8F9BF /* Playground */ = {
			isa = PBXNativeTarget;
			buildConfigurationList = 496653E52D4A5A3500E8F9BF /* Build configuration list for PBXNativeTarget "Playground" */;
			buildPhases = (
				496653DD2D4A5A3500E8F9BF /* Sources */,
				496653DE2D4A5A3500E8F9BF /* Frameworks */,
				496653DF2D4A5A3500E8F9BF /* CopyFiles */,
			);
			buildRules = (
			);
			dependencies = (
			);
			fileSystemSynchronizedGroups = (
				496653E22D4A5A3500E8F9BF /* Playground */,
			);
			name = Playground;
			packageProductDependencies = (
			);
			productName = Playground;
			productReference = 496653E12D4A5A3500E8F9BF /* Playground */;
			productType = "com.apple.product-type.tool";
		};
		496654172D4A5A4B00E8F9BF /* Acmp */ = {
			isa = PBXNativeTarget;
			buildConfigurationList = 4966541C2D4A5A4B00E8F9BF /* Build configuration list for PBXNativeTarget "Acmp" */;
			buildPhases = (
				496654142D4A5A4B00E8F9BF /* Sources */,
				496654152D4A5A4B00E8F9BF /* Frameworks */,
				496654162D4A5A4B00E8F9BF /* CopyFiles */,
			);
			buildRules = (
			);
			dependencies = (
			);
			fileSystemSynchronizedGroups = (
				496654192D4A5A4B00E8F9BF /* Acmp */,
			);
			name = Acmp;
			packageProductDependencies = (
			);
			productName = Acmp;
			productReference = 496654182D4A5A4B00E8F9BF /* Acmp */;
			productType = "com.apple.product-type.tool";
		};
		496654262D4A5A6200E8F9BF /* Search */ = {
			isa = PBXNativeTarget;
			buildConfigurationList = 4966542B2D4A5A6200E8F9BF /* Build configuration list for PBXNativeTarget "Search" */;
			buildPhases = (
				496654232D4A5A6200E8F9BF /* Sources */,
				496654242D4A5A6200E8F9BF /* Frameworks */,
				496654252D4A5A6200E8F9BF /* CopyFiles */,
			);
			buildRules = (
			);
			dependencies = (
			);
			fileSystemSynchronizedGroups = (
				496654282D4A5A6200E8F9BF /* Search */,
			);
			name = Search;
			packageProductDependencies = (
			);
			productName = Search;
			productReference = 496654272D4A5A6200E8F9BF /* Search */;
			productType = "com.apple.product-type.tool";
		};
		496654392D4A5A6D00E8F9BF /* Sort */ = {
			isa = PBXNativeTarget;
			buildConfigurationList = 4966543E2D4A5A6D00E8F9BF /* Build configuration list for PBXNativeTarget "Sort" */;
			buildPhases = (
				496654362D4A5A6D00E8F9BF /* Sources */,
				496654372D4A5A6D00E8F9BF /* Frameworks */,
				496654382D4A5A6D00E8F9BF /* CopyFiles */,
			);
			buildRules = (
			);
			dependencies = (
			);
			fileSystemSynchronizedGroups = (
				4966543B2D4A5A6D00E8F9BF /* Sort */,
			);
			name = Sort;
			packageProductDependencies = (
			);
			productName = Sort;
			productReference = 4966543A2D4A5A6D00E8F9BF /* Sort */;
			productType = "com.apple.product-type.tool";
		};
/* End PBXNativeTarget section */

/* Begin PBXProject section */
		4966536E2D4A56CE00E8F9BF /* Project object */ = {
			isa = PBXProject;
			attributes = {
				BuildIndependentTargetsInParallel = 1;
				LastUpgradeCheck = 1610;
				TargetAttributes = {
					496653D22D4A59D700E8F9BF = {
						CreatedOnToolsVersion = 16.1;
					};
					496653E02D4A5A3500E8F9BF = {
						CreatedOnToolsVersion = 16.1;
					};
					496654172D4A5A4B00E8F9BF = {
						CreatedOnToolsVersion = 16.1;
					};
					496654262D4A5A6200E8F9BF = {
						CreatedOnToolsVersion = 16.1;
					};
					496654392D4A5A6D00E8F9BF = {
						CreatedOnToolsVersion = 16.1;
					};
				};
			};
			buildConfigurationList = 496653712D4A56CE00E8F9BF /* Build configuration list for PBXProject "algorithms-and-structures" */;
			developmentRegion = en;
			hasScannedForEncodings = 0;
			knownRegions = (
				en,
				Base,
			);
			mainGroup = 4966536D2D4A56CE00E8F9BF;
			minimizedProjectReferenceProxies = 1;
			preferredProjectObjectVersion = 77;
			productRefGroup = 496653772D4A56CE00E8F9BF /* Products */;
			projectDirPath = "";
			projectRoot = "";
			targets = (
				496653D22D4A59D700E8F9BF /* LeetCode */,
				496653E02D4A5A3500E8F9BF /* Playground */,
				496654172D4A5A4B00E8F9BF /* Acmp */,
				496654262D4A5A6200E8F9BF /* Search */,
				496654392D4A5A6D00E8F9BF /* Sort */,
			);
		};
/* End PBXProject section */

/* Begin PBXSourcesBuildPhase section */
		496653CF2D4A59D700E8F9BF /* Sources */ = {
			isa = PBXSourcesBuildPhase;
			buildActionMask = 2147483647;
			files = (
			);
			runOnlyForDeploymentPostprocessing = 0;
		};
		496653DD2D4A5A3500E8F9BF /* Sources */ = {
			isa = PBXSourcesBuildPhase;
			buildActionMask = 2147483647;
			files = (
			);
			runOnlyForDeploymentPostprocessing = 0;
		};
		496654142D4A5A4B00E8F9BF /* Sources */ = {
			isa = PBXSourcesBuildPhase;
			buildActionMask = 2147483647;
			files = (
			);
			runOnlyForDeploymentPostprocessing = 0;
		};
		496654232D4A5A6200E8F9BF /* Sources */ = {
			isa = PBXSourcesBuildPhase;
			buildActionMask = 2147483647;
			files = (
			);
			runOnlyForDeploymentPostprocessing = 0;
		};
		496654362D4A5A6D00E8F9BF /* Sources */ = {
			isa = PBXSourcesBuildPhase;
			buildActionMask = 2147483647;
			files = (
			);
			runOnlyForDeploymentPostprocessing = 0;
		};
/* End PBXSourcesBuildPhase section */

/* Begin XCBuildConfiguration section */
		4966537B2D4A56CE00E8F9BF /* Debug */ = {
			isa = XCBuildConfiguration;
			buildSettings = {
				ALWAYS_SEARCH_USER_PATHS = NO;
				ASSETCATALOG_COMPILER_GENERATE_SWIFT_ASSET_SYMBOL_EXTENSIONS = YES;
				CLANG_ANALYZER_NONNULL = YES;
				CLANG_ANALYZER_NUMBER_OBJECT_CONVERSION = YES_AGGRESSIVE;
				CLANG_CXX_LANGUAGE_STANDARD = "gnu++20";
				CLANG_ENABLE_MODULES = YES;
				CLANG_ENABLE_OBJC_ARC = YES;
				CLANG_ENABLE_OBJC_WEAK = YES;
				CLANG_WARN_BLOCK_CAPTURE_AUTORELEASING = YES;
				CLANG_WARN_BOOL_CONVERSION = YES;
				CLANG_WARN_COMMA = YES;
				CLANG_WARN_CONSTANT_CONVERSION = YES;
				CLANG_WARN_DEPRECATED_OBJC_IMPLEMENTATIONS = YES;
				CLANG_WARN_DIRECT_OBJC_ISA_USAGE = YES_ERROR;
				CLANG_WARN_DOCUMENTATION_COMMENTS = YES;
				CLANG_WARN_EMPTY_BODY = YES;
				CLANG_WARN_ENUM_CONVERSION = YES;
				CLANG_WARN_INFINITE_RECURSION = YES;
				CLANG_WARN_INT_CONVERSION = YES;
				CLANG_WARN_NON_LITERAL_NULL_CONVERSION = YES;
				CLANG_WARN_OBJC_IMPLICIT_RETAIN_SELF = YES;
				CLANG_WARN_OBJC_LITERAL_CONVERSION = YES;
				CLANG_WARN_OBJC_ROOT_CLASS = YES_ERROR;
				CLANG_WARN_QUOTED_INCLUDE_IN_FRAMEWORK_HEADER = YES;
				CLANG_WARN_RANGE_LOOP_ANALYSIS = YES;
				CLANG_WARN_STRICT_PROTOTYPES = YES;
				CLANG_WARN_SUSPICIOUS_MOVE = YES;
				CLANG_WARN_UNGUARDED_AVAILABILITY = YES_AGGRESSIVE;
				CLANG_WARN_UNREACHABLE_CODE = YES;
				CLANG_WARN__DUPLICATE_METHOD_MATCH = YES;
				COPY_PHASE_STRIP = NO;
				DEBUG_INFORMATION_FORMAT = dwarf;
				ENABLE_STRICT_OBJC_MSGSEND = YES;
				ENABLE_TESTABILITY = YES;
				ENABLE_USER_SCRIPT_SANDBOXING = YES;
				GCC_C_LANGUAGE_STANDARD = gnu17;
				GCC_DYNAMIC_NO_PIC = NO;
				GCC_NO_COMMON_BLOCKS = YES;
				GCC_OPTIMIZATION_LEVEL = 0;
				GCC_PREPROCESSOR_DEFINITIONS = (
					"DEBUG=1",
					"$(inherited)",
				);
				GCC_WARN_64_TO_32_BIT_CONVERSION = YES;
				GCC_WARN_ABOUT_RETURN_TYPE = YES_ERROR;
				GCC_WARN_UNDECLARED_SELECTOR = YES;
				GCC_WARN_UNINITIALIZED_AUTOS = YES_AGGRESSIVE;
				GCC_WARN_UNUSED_FUNCTION = YES;
				GCC_WARN_UNUSED_VARIABLE = YES;
				LOCALIZATION_PREFERS_STRING_CATALOGS = YES;
				MACOSX_DEPLOYMENT_TARGET = 15.1;
				MTL_ENABLE_DEBUG_INFO = INCLUDE_SOURCE;
				MTL_FAST_MATH = YES;
				ONLY_ACTIVE_ARCH = YES;
				SDKROOT = macosx;
			};
			name = Debug;
		};
		4966537C2D4A56CE00E8F9BF /* Release */ = {
			isa = XCBuildConfiguration;
			buildSettings = {
				ALWAYS_SEARCH_USER_PATHS = NO;
				ASSETCATALOG_COMPILER_GENERATE_SWIFT_ASSET_SYMBOL_EXTENSIONS = YES;
				CLANG_ANALYZER_NONNULL = YES;
				CLANG_ANALYZER_NUMBER_OBJECT_CONVERSION = YES_AGGRESSIVE;
				CLANG_CXX_LANGUAGE_STANDARD = "gnu++20";
				CLANG_ENABLE_MODULES = YES;
				CLANG_ENABLE_OBJC_ARC = YES;
				CLANG_ENABLE_OBJC_WEAK = YES;
				CLANG_WARN_BLOCK_CAPTURE_AUTORELEASING = YES;
				CLANG_WARN_BOOL_CONVERSION = YES;
				CLANG_WARN_COMMA = YES;
				CLANG_WARN_CONSTANT_CONVERSION = YES;
				CLANG_WARN_DEPRECATED_OBJC_IMPLEMENTATIONS = YES;
				CLANG_WARN_DIRECT_OBJC_ISA_USAGE = YES_ERROR;
				CLANG_WARN_DOCUMENTATION_COMMENTS = YES;
				CLANG_WARN_EMPTY_BODY = YES;
				CLANG_WARN_ENUM_CONVERSION = YES;
				CLANG_WARN_INFINITE_RECURSION = YES;
				CLANG_WARN_INT_CONVERSION = YES;
				CLANG_WARN_NON_LITERAL_NULL_CONVERSION = YES;
				CLANG_WARN_OBJC_IMPLICIT_RETAIN_SELF = YES;
				CLANG_WARN_OBJC_LITERAL_CONVERSION = YES;
				CLANG_WARN_OBJC_ROOT_CLASS = YES_ERROR;
				CLANG_WARN_QUOTED_INCLUDE_IN_FRAMEWORK_HEADER = YES;
				CLANG_WARN_RANGE_LOOP_ANALYSIS = YES;
				CLANG_WARN_STRICT_PROTOTYPES = YES;
				CLANG_WARN_SUSPICIOUS_MOVE = YES;
				CLANG_WARN_UNGUARDED_AVAILABILITY = YES_AGGRESSIVE;
				CLANG_WARN_UNREACHABLE_CODE = YES;
				CLANG_WARN__DUPLICATE_METHOD_MATCH = YES;
				COPY_PHASE_STRIP = NO;
				DEBUG_INFORMATION_FORMAT = "dwarf-with-dsym";
				ENABLE_NS_ASSERTIONS = NO;
				ENABLE_STRICT_OBJC_MSGSEND = YES;
				ENABLE_USER_SCRIPT_SANDBOXING = YES;
				GCC_C_LANGUAGE_STANDARD = gnu17;
				GCC_NO_COMMON_BLOCKS = YES;
				GCC_WARN_64_TO_32_BIT_CONVERSION = YES;
				GCC_WARN_ABOUT_RETURN_TYPE = YES_ERROR;
				GCC_WARN_UNDECLARED_SELECTOR = YES;
				GCC_WARN_UNINITIALIZED_AUTOS = YES_AGGRESSIVE;
				GCC_WARN_UNUSED_FUNCTION = YES;
				GCC_WARN_UNUSED_VARIABLE = YES;
				LOCALIZATION_PREFERS_STRING_CATALOGS = YES;
				MACOSX_DEPLOYMENT_TARGET = 15.1;
				MTL_ENABLE_DEBUG_INFO = NO;
				MTL_FAST_MATH = YES;
				SDKROOT = macosx;
			};
			name = Release;
		};
		496653D82D4A59D700E8F9BF /* Debug */ = {
			isa = XCBuildConfiguration;
			buildSettings = {
				CODE_SIGN_STYLE = Automatic;
				PRODUCT_NAME = "$(TARGET_NAME)";
			};
			name = Debug;
		};
		496653D92D4A59D700E8F9BF /* Release */ = {
			isa = XCBuildConfiguration;
			buildSettings = {
				CODE_SIGN_STYLE = Automatic;
				PRODUCT_NAME = "$(TARGET_NAME)";
			};
			name = Release;
		};
		496653E62D4A5A3500E8F9BF /* Debug */ = {
			isa = XCBuildConfiguration;
			buildSettings = {
				CODE_SIGN_STYLE = Automatic;
				PRODUCT_NAME = "$(TARGET_NAME)";
			};
			name = Debug;
		};
		496653E72D4A5A3500E8F9BF /* Release */ = {
			isa = XCBuildConfiguration;
			buildSettings = {
				CODE_SIGN_STYLE = Automatic;
				PRODUCT_NAME = "$(TARGET_NAME)";
			};
			name = Release;
		};
		4966541D2D4A5A4B00E8F9BF /* Debug */ = {
			isa = XCBuildConfiguration;
			buildSettings = {
				CODE_SIGN_STYLE = Automatic;
				PRODUCT_NAME = "$(TARGET_NAME)";
			};
			name = Debug;
		};
		4966541E2D4A5A4B00E8F9BF /* Release */ = {
			isa = XCBuildConfiguration;
			buildSettings = {
				CODE_SIGN_STYLE = Automatic;
				PRODUCT_NAME = "$(TARGET_NAME)";
			};
			name = Release;
		};
		4966542C2D4A5A6200E8F9BF /* Debug */ = {
			isa = XCBuildConfiguration;
			buildSettings = {
				CODE_SIGN_STYLE = Automatic;
				PRODUCT_NAME = "$(TARGET_NAME)";
			};
			name = Debug;
		};
		4966542D2D4A5A6200E8F9BF /* Release */ = {
			isa = XCBuildConfiguration;
			buildSettings = {
				CODE_SIGN_STYLE = Automatic;
				PRODUCT_NAME = "$(TARGET_NAME)";
			};
			name = Release;
		};
		4966543F2D4A5A6D00E8F9BF /* Debug */ = {
			isa = XCBuildConfiguration;
			buildSettings = {
				CODE_SIGN_STYLE = Automatic;
				PRODUCT_NAME = "$(TARGET_NAME)";
			};
			name = Debug;
		};
		496654402D4A5A6D00E8F9BF /* Release */ = {
			isa = XCBuildConfiguration;
			buildSettings = {
				CODE_SIGN_STYLE = Automatic;
				PRODUCT_NAME = "$(TARGET_NAME)";
			};
			name = Release;
		};
/* End XCBuildConfiguration section */

/* Begin XCConfigurationList section */
		496653712D4A56CE00E8F9BF /* Build configuration list for PBXProject "algorithms-and-structures" */ = {
			isa = XCConfigurationList;
			buildConfigurations = (
				4966537B2D4A56CE00E8F9BF /* Debug */,
				4966537C2D4A56CE00E8F9BF /* Release */,
			);
			defaultConfigurationIsVisible = 0;
			defaultConfigurationName = Release;
		};
		496653D72D4A59D700E8F9BF /* Build configuration list for PBXNativeTarget "LeetCode" */ = {
			isa = XCConfigurationList;
			buildConfigurations = (
				496653D82D4A59D700E8F9BF /* Debug */,
				496653D92D4A59D700E8F9BF /* Release */,
			);
			defaultConfigurationIsVisible = 0;
			defaultConfigurationName = Release;
		};
		496653E52D4A5A3500E8F9BF /* Build configuration list for PBXNativeTarget "Playground" */ = {
			isa = XCConfigurationList;
			buildConfigurations = (
				496653E62D4A5A3500E8F9BF /* Debug */,
				496653E72D4A5A3500E8F9BF /* Release */,
			);
			defaultConfigurationIsVisible = 0;
			defaultConfigurationName = Release;
		};
		4966541C2D4A5A4B00E8F9BF /* Build configuration list for PBXNativeTarget "Acmp" */ = {
			isa = XCConfigurationList;
			buildConfigurations = (
				4966541D2D4A5A4B00E8F9BF /* Debug */,
				4966541E2D4A5A4B00E8F9BF /* Release */,
			);
			defaultConfigurationIsVisible = 0;
			defaultConfigurationName = Release;
		};
		4966542B2D4A5A6200E8F9BF /* Build configuration list for PBXNativeTarget "Search" */ = {
			isa = XCConfigurationList;
			buildConfigurations = (
				4966542C2D4A5A6200E8F9BF /* Debug */,
				4966542D2D4A5A6200E8F9BF /* Release */,
			);
			defaultConfigurationIsVisible = 0;
			defaultConfigurationName = Release;
		};
		4966543E2D4A5A6D00E8F9BF /* Build configuration list for PBXNativeTarget "Sort" */ = {
			isa = XCConfigurationList;
			buildConfigurations = (
				4966543F2D4A5A6D00E8F9BF /* Debug */,
				496654402D4A5A6D00E8F9BF /* Release */,
			);
			defaultConfigurationIsVisible = 0;
			defaultConfigurationName = Release;
		};
/* End XCConfigurationList section */
	};
	rootObject = 4966536E2D4A56CE00E8F9BF /* Project object */;
}
